
Microsoft Visual Studio Solution File, Format Version 12.00
# Visual Studio 14
VisualStudioVersion = 14.0.25420.1
MinimumVisualStudioVersion = 10.0.40219.1
Project("{FAE04EC0-301F-11D3-BF4B-00C04F79EFBC}") = "DNX.Helpers.Log4Net", "DNX.Helpers.Log4Net\DNX.Helpers.Log4Net.csproj", "{600B27A6-FC08-4493-B71E-1B6B288FC068}"
EndProject
Project("{FAE04EC0-301F-11D3-BF4B-00C04F79EFBC}") = "Test.DNX.Helpers.Log4Net", "Test.DNX.Helpers.Log4Net\Test.DNX.Helpers.Log4Net.csproj", "{75959401-AAAC-4C20-9415-7E42C5984D7E}"
EndProject
Project("{2150E333-8FDC-42A3-9474-1A3956D46DE8}") = "SolutionFiles", "SolutionFiles", "{96E95A43-A8B6-49DE-8CD1-71C8E808D1C0}"
	ProjectSection(SolutionItems) = preProject
		readme.md = readme.md
	EndProjectSection
EndProject
Project("{2150E333-8FDC-42A3-9474-1A3956D46DE8}") = "Commands", "Commands", "{89060D1F-25CA-4544-9F74-FE3EA4B26DBF}"
	ProjectSection(SolutionItems) = preProject
		GenerateMarkdown.cmd = GenerateMarkdown.cmd
		NuGet.publish.cmd = NuGet.publish.cmd
	EndProjectSection
EndProject
Global
	GlobalSection(SolutionConfigurationPlatforms) = preSolution
		Debug|Any CPU = Debug|Any CPU
		Release|Any CPU = Release|Any CPU
	EndGlobalSection
	GlobalSection(ProjectConfigurationPlatforms) = postSolution
		{600B27A6-FC08-4493-B71E-1B6B288FC068}.Debug|Any CPU.ActiveCfg = Debug|Any CPU
		{600B27A6-FC08-4493-B71E-1B6B288FC068}.Debug|Any CPU.Build.0 = Debug|Any CPU
		{600B27A6-FC08-4493-B71E-1B6B288FC068}.Release|Any CPU.ActiveCfg = Release|Any CPU
		{600B27A6-FC08-4493-B71E-1B6B288FC068}.Release|Any CPU.Build.0 = Release|Any CPU
		{75959401-AAAC-4C20-9415-7E42C5984D7E}.Debug|Any CPU.ActiveCfg = Debug|Any CPU
		{75959401-AAAC-4C20-9415-7E42C5984D7E}.Debug|Any CPU.Build.0 = Debug|Any CPU
		{75959401-AAAC-4C20-9415-7E42C5984D7E}.Release|Any CPU.ActiveCfg = Release|Any CPU
		{75959401-AAAC-4C20-9415-7E42C5984D7E}.Release|Any CPU.Build.0 = Release|Any CPU
	EndGlobalSection
	GlobalSection(SolutionProperties) = preSolution
		HideSolutionNode = FALSE
	EndGlobalSection
	GlobalSection(NestedProjects) = preSolution
		{89060D1F-25CA-4544-9F74-FE3EA4B26DBF} = {96E95A43-A8B6-49DE-8CD1-71C8E808D1C0}
	EndGlobalSection
EndGlobal
